github.com/daviddengcn/go-colortext v1.0.0 h1:ANqDyC0ys6qCSvuEK7l3g5RaehL/Xck9EX8ATG8oKsE=
github.com/daviddengcn/go-colortext v1.0.0/go.mod h1:zDqEI5NVUop5QPpVJUxE9UO10hRnmkD5G4Pmri9+m4c=
github.com/dixonwille/wmenu v4.0.2+incompatible h1:lxrPJsx9LpdUFD5T+dOfl6gPKLbBmiAtEdACLT1I2/w=
github.com/dixonwille/wmenu v4.0.2+incompatible/go.mod h1:DnajdZEKFQksxBctWekpWaQXQrDUHRBco6b8MyZnR1s=
github.com/golangplus/bytes v0.0.0-20160111154220-45c989fe5450/go.mod h1:Bk6SMAONeMXrxql8uvOKuAZSu8aM5RUGv+1C6IJaEho=
github.com/golangplus/bytes v1.0.0/go.mod h1:AdRaCFwmc/00ZzELMWb01soso6W1R/++O1XL80yAn+A=
github.com/golangplus/fmt v1.0.0/go.mod h1:zpM0OfbMCjPtd2qkTD/jX2MgiFCqklhSUFyDW44gVQE=
github.com/golangplus/testing v1.0.0/go.mod h1:ZDreixUV3YzhoVraIDyOzHrr76p6NUh6k/pPg/Q3gYA=
github.com/jinzhu/inflection v1.0.0 h1:K317FqzuhWc8YvSVlFMCCUb36O/S9MCKRDI7QkRKD/E=
github.com/jinzhu/inflection v1.0.0/go.mod h1:h+uFLlag+Qp1Va5pdKtLDYj+kHp5pxUVkryuEj+Srlc=
github.com/jinzhu/now v1.1.5 h1:/o9tlHleP7gOFmsnYNz3RGnqzefHA47wQpKrrdTIwXQ=
github.com/jinzhu/now v1.1.5/go.mod h1:d3SSVoowX0Lcu0IBviAWJpolVfI5UJVZZ7cO71lE/z8=
github.com/mattn/go-isatty v0.0.20 h1:xfD0iDuEKnDkl03q4limB+vH+GxLEtL/jb4xVJSWWEY=
github.com/mattn/go-isatty v0.0.20/go.mod h1:W+V8PltTTMOvKvAeJH7IuucS94S2C6jfK/D7dTCTo3Y=
github.com/mattn/go-sqlite3 v1.14.24 h1:tpSp2G2KyMnnQu99ngJ47EIkWVmliIizyZBfPrBWDRM=
github.com/mattn/go-sqlite3 v1.14.24/go.mod h1:Uh1q+B4BYcTPb+yiD3kU8Ct7aC0hY9fxUwlHK0RXw+Y=
golang.org/x/sys v0.6.0 h1:MVltZSvRTcU2ljQOhs94SXPftV6DCNnZViHeQps87pQ=
golang.org/x/sys v0.6.0/go.mod h1:oPkhp1MJrh7nUepCBck5+mAzfO9JrbApNNgaTdGDITg=
golang.org/x/text v0.14.0 h1:ScX5w1eTa3QqT8oi6+ziP7dTV1S2+ALU0bI+0zXKWiQ=
golang.org/x/text v0.14.0/go.mod h1:18ZOQIKpY8NJVqYksKHtTdi31H5itFRjB5/qKTNYzSU=
gopkg.in/dixonwille/wlog.v2 v2.0.0 h1:TbGWtD8ahWVSihKKr+z2Dw7Cv/7IrfN6dwrcrre17pU=
gopkg.in/dixonwille/wlog.v2 v2.0.0/go.mod h1:JYQHRnhGPLno/iATOiGkEXoRanJXqdz9Qo6/QwfARUc=
gorm.io/driver/sqlite v1.5.7 h1:8NvsrhP0ifM7LX9G4zPB97NwovUakUxc+2V2uuf3Z1I=
gorm.io/driver/sqlite v1.5.7/go.mod h1:U+J8craQU6Fzkcvu8oLeAQmi50TkwPEhHDEjQZXDah4=
gorm.io/gorm v1.25.12 h1:I0u8i2hWQItBq1WfE0o2+WuL9+8L21K9e2HHSTE/0f8=
gorm.io/gorm v1.25.12/go.mod h1:xh7N7RHfYlNc5EmcI/El95gXusucDrQnHXe0+CgWcLQ=
